// !$*UTF8*$!
{
	archiveVersion = 1;
	classes = {
	};
	objectVersion = 46;
	objects = {

/* Begin PBXBuildFile section */
		EA2B73E61A6A3A2000CAD292 /* main.m in Sources */ = {isa = PBXBuildFile; fileRef = EA2B73E51A6A3A2000CAD292 /* main.m */; };
		EA2B73E91A6A3A2000CAD292 /* AppDelegate.m in Sources */ = {isa = PBXBuildFile; fileRef = EA2B73E81A6A3A2000CAD292 /* AppDelegate.m */; };
		EA2B73EC1A6A3A2000CAD292 /* ViewController.m in Sources */ = {isa = PBXBuildFile; fileRef = EA2B73EB1A6A3A2000CAD292 /* ViewController.m */; };
		EA2B73EF1A6A3A2000CAD292 /* Main.storyboard in Resources */ = {isa = PBXBuildFile; fileRef = EA2B73ED1A6A3A2000CAD292 /* Main.storyboard */; };
		EA2B73F11A6A3A2000CAD292 /* Images.xcassets in Resources */ = {isa = PBXBuildFile; fileRef = EA2B73F01A6A3A2000CAD292 /* Images.xcassets */; };
		EA2B73F41A6A3A2000CAD292 /* LaunchScreen.xib in Resources */ = {isa = PBXBuildFile; fileRef = EA2B73F21A6A3A2000CAD292 /* LaunchScreen.xib */; };
		EA2B74001A6A3A2100CAD292 /* TwitterClient01Tests.m in Sources */ = {isa = PBXBuildFile; fileRef = EA2B73FF1A6A3A2100CAD292 /* TwitterClient01Tests.m */; };
		EA2B740B1A732F6B00CAD292 /* TimeLineTableViewController.m in Sources */ = {isa = PBXBuildFile; fileRef = EA2B740A1A732F6B00CAD292 /* TimeLineTableViewController.m */; };
		EA2B740E1A7339BE00CAD292 /* TableLineCell.m in Sources */ = {isa = PBXBuildFile; fileRef = EA2B740D1A7339BE00CAD292 /* TableLineCell.m */; };
		EA2B74111A736C1900CAD292 /* DetailViewController.m in Sources */ = {isa = PBXBuildFile; fileRef = EA2B74101A736C1900CAD292 /* DetailViewController.m */; };
		EA2B74141A7384EC00CAD292 /* WebViewController.m in Sources */ = {isa = PBXBuildFile; fileRef = EA2B74131A7384EB00CAD292 /* WebViewController.m */; };
		EA2B74171A73854200CAD292 /* MyUIApplication.m in Sources */ = {isa = PBXBuildFile; fileRef = EA2B74161A73854200CAD292 /* MyUIApplication.m */; };
/* End PBXBuildFile section */

/* Begin PBXContainerItemProxy section */
		EA2B73FA1A6A3A2100CAD292 /* PBXContainerItemProxy */ = {
			isa = PBXContainerItemProxy;
			containerPortal = EA2B73D81A6A3A2000CAD292 /* Project object */;
			proxyType = 1;
			remoteGlobalIDString = EA2B73DF1A6A3A2000CAD292;
			remoteInfo = TwitterClient01;
		};
/* End PBXContainerItemProxy section */

/* Begin PBXFileReference section */
		EA2B73E01A6A3A2000CAD292 /* TwitterClient01.app */ = {isa = PBXFileReference; explicitFileType = wrapper.application; includeInIndex = 0; path = TwitterClient01.app; sourceTree = BUILT_PRODUCTS_DIR; };
		EA2B73E41A6A3A2000CAD292 /* Info.plist */ = {isa = PBXFileReference; lastKnownFileType = text.plist.xml; path = Info.plist; sourceTree = "<group>"; };
		EA2B73E51A6A3A2000CAD292 /* main.m */ = {isa = PBXFileReference; lastKnownFileType = sourcecode.c.objc; path = main.m; sourceTree = "<group>"; };
		EA2B73E71A6A3A2000CAD292 /* AppDelegate.h */ = {isa = PBXFileReference; lastKnownFileType = sourcecode.c.h; path = AppDelegate.h; sourceTree = "<group>"; };
		EA2B73E81A6A3A2000CAD292 /* AppDelegate.m */ = {isa = PBXFileReference; lastKnownFileType = sourcecode.c.objc; path = AppDelegate.m; sourceTree = "<group>"; };
		EA2B73EA1A6A3A2000CAD292 /* ViewController.h */ = {isa = PBXFileReference; lastKnownFileType = sourcecode.c.h; path = ViewController.h; sourceTree = "<group>"; };
		EA2B73EB1A6A3A2000CAD292 /* ViewController.m */ = {isa = PBXFileReference; lastKnownFileType = sourcecode.c.objc; path = ViewController.m; sourceTree = "<group>"; };
		EA2B73EE1A6A3A2000CAD292 /* Base */ = {isa = PBXFileReference; lastKnownFileType = file.storyboard; name = Base; path = Base.lproj/Main.storyboard; sourceTree = "<group>"; };
		EA2B73F01A6A3A2000CAD292 /* Images.xcassets */ = {isa = PBXFileReference; lastKnownFileType = folder.assetcatalog; path = Images.xcassets; sourceTree = "<group>"; };
		EA2B73F31A6A3A2000CAD292 /* Base */ = {isa = PBXFileReference; lastKnownFileType = file.xib; name = Base; path = Base.lproj/LaunchScreen.xib; sourceTree = "<group>"; };
		EA2B73F91A6A3A2100CAD292 /* TwitterClient01Tests.xctest */ = {isa = PBXFileReference; explicitFileType = wrapper.cfbundle; includeInIndex = 0; path = TwitterClient01Tests.xctest; sourceTree = BUILT_PRODUCTS_DIR; };
		EA2B73FE1A6A3A2100CAD292 /* Info.plist */ = {isa = PBXFileReference; lastKnownFileType = text.plist.xml; path = Info.plist; sourceTree = "<group>"; };
		EA2B73FF1A6A3A2100CAD292 /* TwitterClient01Tests.m */ = {isa = PBXFileReference; lastKnownFileType = sourcecode.c.objc; path = TwitterClient01Tests.m; sourceTree = "<group>"; };
		EA2B74091A732F6B00CAD292 /* TimeLineTableViewController.h */ = {isa = PBXFileReference; fileEncoding = 4; lastKnownFileType = sourcecode.c.h; path = TimeLineTableViewController.h; sourceTree = "<group>"; };
		EA2B740A1A732F6B00CAD292 /* TimeLineTableViewController.m */ = {isa = PBXFileReference; fileEncoding = 4; lastKnownFileType = sourcecode.c.objc; path = TimeLineTableViewController.m; sourceTree = "<group>"; };
		EA2B740C1A7339BE00CAD292 /* TableLineCell.h */ = {isa = PBXFileReference; fileEncoding = 4; lastKnownFileType = sourcecode.c.h; path = TableLineCell.h; sourceTree = "<group>"; };
		EA2B740D1A7339BE00CAD292 /* TableLineCell.m */ = {isa = PBXFileReference; fileEncoding = 4; lastKnownFileType = sourcecode.c.objc; path = TableLineCell.m; sourceTree = "<group>"; };
		EA2B740F1A736C1900CAD292 /* DetailViewController.h */ = {isa = PBXFileReference; fileEncoding = 4; lastKnownFileType = sourcecode.c.h; path = DetailViewController.h; sourceTree = "<group>"; };
		EA2B74101A736C1900CAD292 /* DetailViewController.m */ = {isa = PBXFileReference; fileEncoding = 4; lastKnownFileType = sourcecode.c.objc; path = DetailViewController.m; sourceTree = "<group>"; };
		EA2B74121A7384EB00CAD292 /* WebViewController.h */ = {isa = PBXFileReference; fileEncoding = 4; lastKnownFileType = sourcecode.c.h; path = WebViewController.h; sourceTree = "<group>"; };
		EA2B74131A7384EB00CAD292 /* WebViewController.m */ = {isa = PBXFileReference; fileEncoding = 4; lastKnownFileType = sourcecode.c.objc; path = WebViewController.m; sourceTree = "<group>"; };
		EA2B74151A73854200CAD292 /* MyUIApplication.h */ = {isa = PBXFileReference; fileEncoding = 4; lastKnownFileType = sourcecode.c.h; path = MyUIApplication.h; sourceTree = "<group>"; };
		EA2B74161A73854200CAD292 /* MyUIApplication.m */ = {isa = PBXFileReference; fileEncoding = 4; lastKnownFileType = sourcecode.c.objc; path = MyUIApplication.m; sourceTree = "<group>"; };
/* End PBXFileReference section */

/* Begin PBXFrameworksBuildPhase section */
		EA2B73DD1A6A3A2000CAD292 /* Frameworks */ = {
			isa = PBXFrameworksBuildPhase;
			buildActionMask = 2147483647;
			files = (
			);
			runOnlyForDeploymentPostprocessing = 0;
		};
		EA2B73F61A6A3A2100CAD292 /* Frameworks */ = {
			isa = PBXFrameworksBuildPhase;
			buildActionMask = 2147483647;
			files = (
			);
			runOnlyForDeploymentPostprocessing = 0;
		};
/* End PBXFrameworksBuildPhase section */

/* Begin PBXGroup section */
		EA2B73D71A6A3A2000CAD292 = {
			isa = PBXGroup;
			children = (
				EA2B73E21A6A3A2000CAD292 /* TwitterClient01 */,
				EA2B73FC1A6A3A2100CAD292 /* TwitterClient01Tests */,
				EA2B73E11A6A3A2000CAD292 /* Products */,
			);
			sourceTree = "<group>";
		};
		EA2B73E11A6A3A2000CAD292 /* Products */ = {
			isa = PBXGroup;
			children = (
				EA2B73E01A6A3A2000CAD292 /* TwitterClient01.app */,
				EA2B73F91A6A3A2100CAD292 /* TwitterClient01Tests.xctest */,
			);
			name = Products;
			sourceTree = "<group>";
		};
		EA2B73E21A6A3A2000CAD292 /* TwitterClient01 */ = {
			isa = PBXGroup;
			children = (
				EA2B73E71A6A3A2000CAD292 /* AppDelegate.h */,
				EA2B73E81A6A3A2000CAD292 /* AppDelegate.m */,
				EA2B73EA1A6A3A2000CAD292 /* ViewController.h */,
				EA2B73EB1A6A3A2000CAD292 /* ViewController.m */,
				EA2B73ED1A6A3A2000CAD292 /* Main.storyboard */,
				EA2B73F01A6A3A2000CAD292 /* Images.xcassets */,
				EA2B73F21A6A3A2000CAD292 /* LaunchScreen.xib */,
				EA2B73E31A6A3A2000CAD292 /* Supporting Files */,
				EA2B74091A732F6B00CAD292 /* TimeLineTableViewController.h */,
				EA2B740A1A732F6B00CAD292 /* TimeLineTableViewController.m */,
				EA2B740C1A7339BE00CAD292 /* TableLineCell.h */,
				EA2B740D1A7339BE00CAD292 /* TableLineCell.m */,
				EA2B740F1A736C1900CAD292 /* DetailViewController.h */,
				EA2B74101A736C1900CAD292 /* DetailViewController.m */,
				EA2B74121A7384EB00CAD292 /* WebViewController.h */,
				EA2B74131A7384EB00CAD292 /* WebViewController.m */,
				EA2B74151A73854200CAD292 /* MyUIApplication.h */,
				EA2B74161A73854200CAD292 /* MyUIApplication.m */,
			);
			path = TwitterClient01;
			sourceTree = "<group>";
		};
		EA2B73E31A6A3A2000CAD292 /* Supporting Files */ = {
			isa = PBXGroup;
			children = (
				EA2B73E41A6A3A2000CAD292 /* Info.plist */,
				EA2B73E51A6A3A2000CAD292 /* main.m */,
			);
			name = "Supporting Files";
			sourceTree = "<group>";
		};
		EA2B73FC1A6A3A2100CAD292 /* TwitterClient01Tests */ = {
			isa = PBXGroup;
			children = (
				EA2B73FF1A6A3A2100CAD292 /* TwitterClient01Tests.m */,
				EA2B73FD1A6A3A2100CAD292 /* Supporting Files */,
			);
			path = TwitterClient01Tests;
			sourceTree = "<group>";
		};
		EA2B73FD1A6A3A2100CAD292 /* Supporting Files */ = {
			isa = PBXGroup;
			children = (
				EA2B73FE1A6A3A2100CAD292 /* Info.plist */,
			);
			name = "Supporting Files";
			sourceTree = "<group>";
		};
/* End PBXGroup section */

/* Begin PBXNativeTarget section */
		EA2B73DF1A6A3A2000CAD292 /* TwitterClient01 */ = {
			isa = PBXNativeTarget;
			buildConfigurationList = EA2B74031A6A3A2100CAD292 /* Build configuration list for PBXNativeTarget "TwitterClient01" */;
			buildPhases = (
				EA2B73DC1A6A3A2000CAD292 /* Sources */,
				EA2B73DD1A6A3A2000CAD292 /* Frameworks */,
				EA2B73DE1A6A3A2000CAD292 /* Resources */,
			);
			buildRules = (
			);
			dependencies = (
			);
			name = TwitterClient01;
			productName = TwitterClient01;
			productReference = EA2B73E01A6A3A2000CAD292 /* TwitterClient01.app */;
			productType = "com.apple.product-type.application";
		};
		EA2B73F81A6A3A2100CAD292 /* TwitterClient01Tests */ = {
			isa = PBXNativeTarget;
			buildConfigurationList = EA2B74061A6A3A2100CAD292 /* Build configuration list for PBXNativeTarget "TwitterClient01Tests" */;
			buildPhases = (
				EA2B73F51A6A3A2100CAD292 /* Sources */,
				EA2B73F61A6A3A2100CAD292 /* Frameworks */,
				EA2B73F71A6A3A2100CAD292 /* Resources */,
			);
			buildRules = (
			);
			dependencies = (
				EA2B73FB1A6A3A2100CAD292 /* PBXTargetDependency */,
			);
			name = TwitterClient01Tests;
			productName = TwitterClient01Tests;
			productReference = EA2B73F91A6A3A2100CAD292 /* TwitterClient01Tests.xctest */;
			productType = "com.apple.product-type.bundle.unit-test";
		};
/* End PBXNativeTarget section */

/* Begin PBXProject section */
		EA2B73D81A6A3A2000CAD292 /* Project object */ = {
			isa = PBXProject;
			attributes = {
				LastUpgradeCheck = 0610;
				ORGANIZATIONNAME = "鹿野 孟城";
				TargetAttributes = {
					EA2B73DF1A6A3A2000CAD292 = {
						CreatedOnToolsVersion = 6.1.1;
					};
					EA2B73F81A6A3A2100CAD292 = {
						CreatedOnToolsVersion = 6.1.1;
						TestTargetID = EA2B73DF1A6A3A2000CAD292;
					};
				};
			};
			buildConfigurationList = EA2B73DB1A6A3A2000CAD292 /* Build configuration list for PBXProject "TwitterClient01" */;
			compatibilityVersion = "Xcode 3.2";
			developmentRegion = English;
			hasScannedForEncodings = 0;
			knownRegions = (
				en,
				Base,
			);
			mainGroup = EA2B73D71A6A3A2000CAD292;
			productRefGroup = EA2B73E11A6A3A2000CAD292 /* Products */;
			projectDirPath = "";
			projectRoot = "";
			targets = (
				EA2B73DF1A6A3A2000CAD292 /* TwitterClient01 */,
				EA2B73F81A6A3A2100CAD292 /* TwitterClient01Tests */,
			);
		};
/* End PBXProject section */

/* Begin PBXResourcesBuildPhase section */
		EA2B73DE1A6A3A2000CAD292 /* Resources */ = {
			isa = PBXResourcesBuildPhase;
			buildActionMask = 2147483647;
			files = (
				EA2B73EF1A6A3A2000CAD292 /* Main.storyboard in Resources */,
				EA2B73F41A6A3A2000CAD292 /* LaunchScreen.xib in Resources */,
				EA2B73F11A6A3A2000CAD292 /* Images.xcassets in Resources */,
			);
			runOnlyForDeploymentPostprocessing = 0;
		};
		EA2B73F71A6A3A2100CAD292 /* Resources */ = {
			isa = PBXResourcesBuildPhase;
			buildActionMask = 2147483647;
			files = (
			);
			runOnlyForDeploymentPostprocessing = 0;
		};
/* End PBXResourcesBuildPhase section */

/* Begin PBXSourcesBuildPhase section */
		EA2B73DC1A6A3A2000CAD292 /* Sources */ = {
			isa = PBXSourcesBuildPhase;
			buildActionMask = 2147483647;
			files = (
				EA2B740E1A7339BE00CAD292 /* TableLineCell.m in Sources */,
				EA2B74141A7384EC00CAD292 /* WebViewController.m in Sources */,
				EA2B73EC1A6A3A2000CAD292 /* ViewController.m in Sources */,
				EA2B73E91A6A3A2000CAD292 /* AppDelegate.m in Sources */,
				EA2B74171A73854200CAD292 /* MyUIApplication.m in Sources */,
				EA2B740B1A732F6B00CAD292 /* TimeLineTableViewController.m in Sources */,
				EA2B73E61A6A3A2000CAD292 /* main.m in Sources */,
				EA2B74111A736C1900CAD292 /* DetailViewController.m in Sources */,
			);
			runOnlyForDeploymentPostprocessing = 0;
		};
		EA2B73F51A6A3A2100CAD292 /* Sources */ = {
			isa = PBXSourcesBuildPhase;
			buildActionMask = 2147483647;
			files = (
				EA2B74001A6A3A2100CAD292 /* TwitterClient01Tests.m in Sources */,
			);
			runOnlyForDeploymentPostprocessing = 0;
		};
/* End PBXSourcesBuildPhase section */

/* Begin PBXTargetDependency section */
		EA2B73FB1A6A3A2100CAD292 /* PBXTargetDependency */ = {
			isa = PBXTargetDependency;
			target = EA2B73DF1A6A3A2000CAD292 /* TwitterClient01 */;
			targetProxy = EA2B73FA1A6A3A2100CAD292 /* PBXContainerItemProxy */;
		};
/* End PBXTargetDependency section */

/* Begin PBXVariantGroup section */
		EA2B73ED1A6A3A2000CAD292 /* Main.storyboard */ = {
			isa = PBXVariantGroup;
			children = (
				EA2B73EE1A6A3A2000CAD292 /* Base */,
			);
			name = Main.storyboard;
			sourceTree = "<group>";
		};
		EA2B73F21A6A3A2000CAD292 /* LaunchScreen.xib */ = {
			isa = PBXVariantGroup;
			children = (
				EA2B73F31A6A3A2000CAD292 /* Base */,
			);
			name = LaunchScreen.xib;
			sourceTree = "<group>";
		};
/* End PBXVariantGroup section */

/* Begin XCBuildConfiguration section */
		EA2B74011A6A3A2100CAD292 /* Debug */ = {
			isa = XCBuildConfiguration;
			buildSettings = {
				ALWAYS_SEARCH_USER_PATHS = NO;
				CLANG_CXX_LANGUAGE_STANDARD = "gnu++0x";
				CLANG_CXX_LIBRARY = "libc++";
				CLANG_ENABLE_MODULES = YES;
				CLANG_ENABLE_OBJC_ARC = YES;
				CLANG_WARN_BOOL_CONVERSION = YES;
				CLANG_WARN_CONSTANT_CONVERSION = YES;
				CLANG_WARN_DIRECT_OBJC_ISA_USAGE = YES_ERROR;
				CLANG_WARN_EMPTY_BODY = YES;
				CLANG_WARN_ENUM_CONVERSION = YES;
				CLANG_WARN_INT_CONVERSION = YES;
				CLANG_WARN_OBJC_ROOT_CLASS = YES_ERROR;
				CLANG_WARN_UNREACHABLE_CODE = YES;
				CLANG_WARN__DUPLICATE_METHOD_MATCH = YES;
				"CODE_SIGN_IDENTITY[sdk=iphoneos*]" = "iPhone Developer";
				COPY_PHASE_STRIP = NO;
				ENABLE_STRICT_OBJC_MSGSEND = YES;
				GCC_C_LANGUAGE_STANDARD = gnu99;
				GCC_DYNAMIC_NO_PIC = NO;
				GCC_OPTIMIZATION_LEVEL = 0;
				GCC_PREPROCESSOR_DEFINITIONS = (
					"DEBUG=1",
					"$(inherited)",
				);
				GCC_SYMBOLS_PRIVATE_EXTERN = NO;
				GCC_WARN_64_TO_32_BIT_CONVERSION = YES;
				GCC_WARN_ABOUT_RETURN_TYPE = YES_ERROR;
				GCC_WARN_UNDECLARED_SELECTOR = YES;
				GCC_WARN_UNINITIALIZED_AUTOS = YES_AGGRESSIVE;
				GCC_WARN_UNUSED_FUNCTION = YES;
				GCC_WARN_UNUSED_VARIABLE = YES;
				IPHONEOS_DEPLOYMENT_TARGET = 8.1;
				MTL_ENABLE_DEBUG_INFO = YES;
				ONLY_ACTIVE_ARCH = YES;
				SDKROOT = iphoneos;
			};
			name = Debug;
		};
		EA2B74021A6A3A2100CAD292 /* Release */ = {
			isa = XCBuildConfiguration;
			buildSettings = {
				ALWAYS_SEARCH_USER_PATHS = NO;
				CLANG_CXX_LANGUAGE_STANDARD = "gnu++0x";
				CLANG_CXX_LIBRARY = "libc++";
				CLANG_ENABLE_MODULES = YES;
				CLANG_ENABLE_OBJC_ARC = YES;
				CLANG_WARN_BOOL_CONVERSION = YES;
				CLANG_WARN_CONSTANT_CONVERSION = YES;
				CLANG_WARN_DIRECT_OBJC_ISA_USAGE = YES_ERROR;
				CLANG_WARN_EMPTY_BODY = YES;
				CLANG_WARN_ENUM_CONVERSION = YES;
				CLANG_WARN_INT_CONVERSION = YES;
				CLANG_WARN_OBJC_ROOT_CLASS = YES_ERROR;
				CLANG_WARN_UNREACHABLE_CODE = YES;
				CLANG_WARN__DUPLICATE_METHOD_MATCH = YES;
				"CODE_SIGN_IDENTITY[sdk=iphoneos*]" = "iPhone Developer";
				COPY_PHASE_STRIP = YES;
				ENABLE_NS_ASSERTIONS = NO;
				ENABLE_STRICT_OBJC_MSGSEND = YES;
				GCC_C_LANGUAGE_STANDARD = gnu99;
				GCC_WARN_64_TO_32_BIT_CONVERSION = YES;
				GCC_WARN_ABOUT_RETURN_TYPE = YES_ERROR;
				GCC_WARN_UNDECLARED_SELECTOR = YES;
				GCC_WARN_UNINITIALIZED_AUTOS = YES_AGGRESSIVE;
				GCC_WARN_UNUSED_FUNCTION = YES;
				GCC_WARN_UNUSED_VARIABLE = YES;
				IPHONEOS_DEPLOYMENT_TARGET = 8.1;
				MTL_ENABLE_DEBUG_INFO = NO;
				SDKROOT = iphoneos;
				VALIDATE_PRODUCT = YES;
			};
			name = Release;
		};
		EA2B74041A6A3A2100CAD292 /* Debug */ = {
			isa = XCBuildConfiguration;
			buildSettings = {
				ASSETCATALOG_COMPILER_APPICON_NAME = AppIcon;
				INFOPLIST_FILE = TwitterClient01/Info.plist;
				LD_RUNPATH_SEARCH_PATHS = "$(inherited) @executable_path/Frameworks";
				PRODUCT_NAME = "$(TARGET_NAME)";
			};
			name = Debug;
		};
		EA2B74051A6A3A2100CAD292 /* Release */ = {
			isa = XCBuildConfiguration;
			buildSettings = {
				ASSETCATALOG_COMPILER_APPICON_NAME = AppIcon;
				INFOPLIST_FILE = TwitterClient01/Info.plist;
				LD_RUNPATH_SEARCH_PATHS = "$(inherited) @executable_path/Frameworks";
				PRODUCT_NAME = "$(TARGET_NAME)";
			};
			name = Release;
		};
		EA2B74071A6A3A2100CAD292 /* Debug */ = {
			isa = XCBuildConfiguration;
			buildSettings = {
				BUNDLE_LOADER = "$(TEST_HOST)";
				FRAMEWORK_SEARCH_PATHS = (
					"$(SDKROOT)/Developer/Library/Frameworks",
					"$(inherited)",
				);
				GCC_PREPROCESSOR_DEFINITIONS = (
					"DEBUG=1",
					"$(inherited)",
				);
				INFOPLIST_FILE = TwitterClient01Tests/Info.plist;
				LD_RUNPATH_SEARCH_PATHS = "$(inherited) @executable_path/Frameworks @loader_path/Frameworks";
				PRODUCT_NAME = "$(TARGET_NAME)";
				TEST_HOST = "$(BUILT_PRODUCTS_DIR)/TwitterClient01.app/TwitterClient01";
			};
			name = Debug;
		};
		EA2B74081A6A3A2100CAD292 /* Release */ = {
			isa = XCBuildConfiguration;
			buildSettings = {
				BUNDLE_LOADER = "$(TEST_HOST)";
				FRAMEWORK_SEARCH_PATHS = (
					"$(SDKROOT)/Developer/Library/Frameworks",
					"$(inherited)",
				);
				INFOPLIST_FILE = TwitterClient01Tests/Info.plist;
				LD_RUNPATH_SEARCH_PATHS = "$(inherited) @executable_path/Frameworks @loader_path/Frameworks";
				PRODUCT_NAME = "$(TARGET_NAME)";
				TEST_HOST = "$(BUILT_PRODUCTS_DIR)/TwitterClient01.app/TwitterClient01";
			};
			name = Release;
		};
/* End XCBuildConfiguration section */

/* Begin XCConfigurationList section */
		EA2B73DB1A6A3A2000CAD292 /* Build configuration list for PBXProject "TwitterClient01" */ = {
			isa = XCConfigurationList;
			buildConfigurations = (
				EA2B74011A6A3A2100CAD292 /* Debug */,
				EA2B74021A6A3A2100CAD292 /* Release */,
			);
			defaultConfigurationIsVisible = 0;
			defaultConfigurationName = Release;
		};
		EA2B74031A6A3A2100CAD292 /* Build configuration list for PBXNativeTarget "TwitterClient01" */ = {
			isa = XCConfigurationList;
			buildConfigurations = (
				EA2B74041A6A3A2100CAD292 /* Debug */,
				EA2B74051A6A3A2100CAD292 /* Release */,
			);
			defaultConfigurationIsVisible = 0;
		};
		EA2B74061A6A3A2100CAD292 /* Build configuration list for PBXNativeTarget "TwitterClient01Tests" */ = {
			isa = XCConfigurationList;
			buildConfigurations = (
				EA2B74071A6A3A2100CAD292 /* Debug */,
				EA2B74081A6A3A2100CAD292 /* Release */,
			);
			defaultConfigurationIsVisible = 0;
		};
/* End XCConfigurationList section */
	};
	rootObject = EA2B73D81A6A3A2000CAD292 /* Project object */;
}
